
Microsoft Visual Studio Solution File, Format Version 12.00
# Visual Studio 15
VisualStudioVersion = 15.0.28010.2003
MinimumVisualStudioVersion = 10.0.40219.1
Project("{FAE04EC0-301F-11D3-BF4B-00C04F79EFBC}") = "ActionMonitor", "ActionMonitor\ActionMonitor.csproj", "{E4B7AB3D-C88F-421D-A4AD-F862E7F9829F}"
EndProject
Global
	GlobalSection(SolutionConfigurationPlatforms) = preSolution
		Debug|x64 = Debug|x64
	EndGlobalSection
	GlobalSection(ProjectConfigurationPlatforms) = postSolution
		{E4B7AB3D-C88F-421D-A4AD-F862E7F9829F}.Debug|x64.ActiveCfg = Debug|x64
		{E4B7AB3D-C88F-421D-A4AD-F862E7F9829F}.Debug|x64.Build.0 = Debug|x64
	EndGlobalSection
	GlobalSection(SolutionProperties) = preSolution
		HideSolutionNode = FALSE
	EndGlobalSection
	GlobalSection(ExtensibilityGlobals) = postSolution
		SolutionGuid = {D8FD2123-C32F-421E-B554-0220F7912A24}
	EndGlobalSection
EndGlobal
